
Microsoft Visual Studio Solution File, Format Version 12.00
# Visual Studio Version 16
VisualStudioVersion = 16.0.30804.86
MinimumVisualStudioVersion = 10.0.40219.1
Project("{FAE04EC0-301F-11D3-BF4B-00C04F79EFBC}") = "TDDMicroExcercise", "TDDMicroExcercise\TDDMicroExcercise.csproj", "{09B280D3-21B6-4009-AF99-7F418720907F}"
EndProject
Project("{FAE04EC0-301F-11D3-BF4B-00C04F79EFBC}") = "TDDMicroExcercise.Tests", "NUnitTestProject1\TDDMicroExcercise.Tests.csproj", "{484AF6EF-68E8-444F-A469-5F426B07356A}"
EndProject
Global
	GlobalSection(SolutionConfigurationPlatforms) = preSolution
		Debug|Any CPU = Debug|Any CPU
		Release|Any CPU = Release|Any CPU
	EndGlobalSection
	GlobalSection(ProjectConfigurationPlatforms) = postSolution
		{09B280D3-21B6-4009-AF99-7F418720907F}.Debug|Any CPU.ActiveCfg = Debug|Any CPU
		{09B280D3-21B6-4009-AF99-7F418720907F}.Debug|Any CPU.Build.0 = Debug|Any CPU
		{09B280D3-21B6-4009-AF99-7F418720907F}.Release|Any CPU.ActiveCfg = Release|Any CPU
		{09B280D3-21B6-4009-AF99-7F418720907F}.Release|Any CPU.Build.0 = Release|Any CPU
		{484AF6EF-68E8-444F-A469-5F426B07356A}.Debug|Any CPU.ActiveCfg = Debug|Any CPU
		{484AF6EF-68E8-444F-A469-5F426B07356A}.Debug|Any CPU.Build.0 = Debug|Any CPU
		{484AF6EF-68E8-444F-A469-5F426B07356A}.Release|Any CPU.ActiveCfg = Release|Any CPU
		{484AF6EF-68E8-444F-A469-5F426B07356A}.Release|Any CPU.Build.0 = Release|Any CPU
	EndGlobalSection
	GlobalSection(SolutionProperties) = preSolution
		HideSolutionNode = FALSE
	EndGlobalSection
	GlobalSection(ExtensibilityGlobals) = postSolution
		SolutionGuid = {6258B884-D5B7-4559-A7CA-9BCB5BBC9F8C}
	EndGlobalSection
EndGlobal
